
Microsoft Visual Studio Solution File, Format Version 12.00
# Visual Studio Version 17
VisualStudioVersion = 17.0.31903.59
MinimumVisualStudioVersion = 10.0.40219.1
Project("{2150E333-8FDC-42A3-9474-1A3956D46DE8}") = "src", "src", "{9562FE3A-5195-4318-A71D-F9C2CD8C5E50}"
EndProject
Project("{FAE04EC0-301F-11D3-BF4B-00C04F79EFBC}") = "Idevs.Foundation.Abstractions", "src\Idevs.Foundation.Abstractions\Idevs.Foundation.Abstractions.csproj", "{6FD567B7-8A73-4C21-9A93-4697917B04AC}"
EndProject
Project("{FAE04EC0-301F-11D3-BF4B-00C04F79EFBC}") = "Idevs.Foundation.EntityFramework", "src\Idevs.Foundation.EntityFramework\Idevs.Foundation.EntityFramework.csproj", "{251D831B-3C0F-494D-B3BD-3D1C69572314}"
EndProject
Project("{FAE04EC0-301F-11D3-BF4B-00C04F79EFBC}") = "Idevs.Foundation.Services", "src\Idevs.Foundation.Services\Idevs.Foundation.Services.csproj", "{6C60F9F3-BF09-4B7A-AD8B-112C82139A4E}"
EndProject
Project("{2150E333-8FDC-42A3-9474-1A3956D46DE8}") = "tests", "tests", "{7990FCC5-62C0-4F83-A339-A8C5BC34CB9D}"
EndProject
Project("{FAE04EC0-301F-11D3-BF4B-00C04F79EFBC}") = "Idevs.Foundation.Tests", "tests\Idevs.Foundation.Tests\Idevs.Foundation.Tests.csproj", "{C0F3B522-D654-46B7-8D59-A47F148320F1}"
EndProject
Project("{FAE04EC0-301F-11D3-BF4B-00C04F79EFBC}") = "Idevs.Foundation.Cqrs", "src\Idevs.Foundation.Cqrs\Idevs.Foundation.Cqrs.csproj", "{EE50BDA3-3244-40FB-8828-07E28D868D8C}"
EndProject
Project("{FAE04EC0-301F-11D3-BF4B-00C04F79EFBC}") = "Idevs.Foundation.Mediator", "src\Idevs.Foundation.Mediator\Idevs.Foundation.Mediator.csproj", "{9294195E-C54F-419A-BF88-B13C4B833F0F}"
EndProject
Project("{FAE04EC0-301F-11D3-BF4B-00C04F79EFBC}") = "Idevs.Foundation.Autofac", "src\Idevs.Foundation.Autofac\Idevs.Foundation.Autofac.csproj", "{3A513D66-EB3E-4E88-AFFE-52BC2D7BEC9A}"
EndProject
Project("{FAE04EC0-301F-11D3-BF4B-00C04F79EFBC}") = "Idevs.Foundation.Serilog", "src\Idevs.Foundation.Serilog\Idevs.Foundation.Serilog.csproj", "{775AD76D-D841-407A-A994-D119F663E0A1}"
EndProject
Project("{FAE04EC0-301F-11D3-BF4B-00C04F79EFBC}") = "Idevs.Foundation", "src\Idevs.Foundation\Idevs.Foundation.csproj", "{E76E86D9-2946-4180-91E6-E1CF095DF312}"
EndProject
Project("{FAE04EC0-301F-11D3-BF4B-00C04F79EFBC}") = "Idevs.Foundation.AspNetCore", "src\Idevs.Foundation.AspNetCore\Idevs.Foundation.AspNetCore.csproj", "{0692DF25-8778-4D80-A222-27F852339A1D}"
EndProject
Global
	GlobalSection(SolutionConfigurationPlatforms) = preSolution
		Debug|Any CPU = Debug|Any CPU
		Release|Any CPU = Release|Any CPU
	EndGlobalSection
	GlobalSection(SolutionProperties) = preSolution
		HideSolutionNode = FALSE
	EndGlobalSection
	GlobalSection(ProjectConfigurationPlatforms) = postSolution
		{6FD567B7-8A73-4C21-9A93-4697917B04AC}.Debug|Any CPU.ActiveCfg = Debug|Any CPU
		{6FD567B7-8A73-4C21-9A93-4697917B04AC}.Debug|Any CPU.Build.0 = Debug|Any CPU
		{6FD567B7-8A73-4C21-9A93-4697917B04AC}.Release|Any CPU.ActiveCfg = Release|Any CPU
		{6FD567B7-8A73-4C21-9A93-4697917B04AC}.Release|Any CPU.Build.0 = Release|Any CPU
		{251D831B-3C0F-494D-B3BD-3D1C69572314}.Debug|Any CPU.ActiveCfg = Debug|Any CPU
		{251D831B-3C0F-494D-B3BD-3D1C69572314}.Debug|Any CPU.Build.0 = Debug|Any CPU
		{251D831B-3C0F-494D-B3BD-3D1C69572314}.Release|Any CPU.ActiveCfg = Release|Any CPU
		{251D831B-3C0F-494D-B3BD-3D1C69572314}.Release|Any CPU.Build.0 = Release|Any CPU
		{6C60F9F3-BF09-4B7A-AD8B-112C82139A4E}.Debug|Any CPU.ActiveCfg = Debug|Any CPU
		{6C60F9F3-BF09-4B7A-AD8B-112C82139A4E}.Debug|Any CPU.Build.0 = Debug|Any CPU
		{6C60F9F3-BF09-4B7A-AD8B-112C82139A4E}.Release|Any CPU.ActiveCfg = Release|Any CPU
		{6C60F9F3-BF09-4B7A-AD8B-112C82139A4E}.Release|Any CPU.Build.0 = Release|Any CPU
		{C0F3B522-D654-46B7-8D59-A47F148320F1}.Debug|Any CPU.ActiveCfg = Debug|Any CPU
		{C0F3B522-D654-46B7-8D59-A47F148320F1}.Debug|Any CPU.Build.0 = Debug|Any CPU
		{C0F3B522-D654-46B7-8D59-A47F148320F1}.Release|Any CPU.ActiveCfg = Release|Any CPU
		{C0F3B522-D654-46B7-8D59-A47F148320F1}.Release|Any CPU.Build.0 = Release|Any CPU
		{EE50BDA3-3244-40FB-8828-07E28D868D8C}.Debug|Any CPU.ActiveCfg = Debug|Any CPU
		{EE50BDA3-3244-40FB-8828-07E28D868D8C}.Debug|Any CPU.Build.0 = Debug|Any CPU
		{EE50BDA3-3244-40FB-8828-07E28D868D8C}.Release|Any CPU.ActiveCfg = Release|Any CPU
		{EE50BDA3-3244-40FB-8828-07E28D868D8C}.Release|Any CPU.Build.0 = Release|Any CPU
		{9294195E-C54F-419A-BF88-B13C4B833F0F}.Debug|Any CPU.ActiveCfg = Debug|Any CPU
		{9294195E-C54F-419A-BF88-B13C4B833F0F}.Debug|Any CPU.Build.0 = Debug|Any CPU
		{9294195E-C54F-419A-BF88-B13C4B833F0F}.Release|Any CPU.ActiveCfg = Release|Any CPU
		{9294195E-C54F-419A-BF88-B13C4B833F0F}.Release|Any CPU.Build.0 = Release|Any CPU
		{3A513D66-EB3E-4E88-AFFE-52BC2D7BEC9A}.Debug|Any CPU.ActiveCfg = Debug|Any CPU
		{3A513D66-EB3E-4E88-AFFE-52BC2D7BEC9A}.Debug|Any CPU.Build.0 = Debug|Any CPU
		{3A513D66-EB3E-4E88-AFFE-52BC2D7BEC9A}.Release|Any CPU.ActiveCfg = Release|Any CPU
		{3A513D66-EB3E-4E88-AFFE-52BC2D7BEC9A}.Release|Any CPU.Build.0 = Release|Any CPU
		{775AD76D-D841-407A-A994-D119F663E0A1}.Debug|Any CPU.ActiveCfg = Debug|Any CPU
		{775AD76D-D841-407A-A994-D119F663E0A1}.Debug|Any CPU.Build.0 = Debug|Any CPU
		{775AD76D-D841-407A-A994-D119F663E0A1}.Release|Any CPU.ActiveCfg = Release|Any CPU
		{775AD76D-D841-407A-A994-D119F663E0A1}.Release|Any CPU.Build.0 = Release|Any CPU
		{E76E86D9-2946-4180-91E6-E1CF095DF312}.Debug|Any CPU.ActiveCfg = Debug|Any CPU
		{E76E86D9-2946-4180-91E6-E1CF095DF312}.Debug|Any CPU.Build.0 = Debug|Any CPU
		{E76E86D9-2946-4180-91E6-E1CF095DF312}.Release|Any CPU.ActiveCfg = Release|Any CPU
		{E76E86D9-2946-4180-91E6-E1CF095DF312}.Release|Any CPU.Build.0 = Release|Any CPU
		{0692DF25-8778-4D80-A222-27F852339A1D}.Debug|Any CPU.ActiveCfg = Debug|Any CPU
		{0692DF25-8778-4D80-A222-27F852339A1D}.Debug|Any CPU.Build.0 = Debug|Any CPU
		{0692DF25-8778-4D80-A222-27F852339A1D}.Release|Any CPU.ActiveCfg = Release|Any CPU
		{0692DF25-8778-4D80-A222-27F852339A1D}.Release|Any CPU.Build.0 = Release|Any CPU
	EndGlobalSection
	GlobalSection(NestedProjects) = preSolution
		{6FD567B7-8A73-4C21-9A93-4697917B04AC} = {9562FE3A-5195-4318-A71D-F9C2CD8C5E50}
		{251D831B-3C0F-494D-B3BD-3D1C69572314} = {9562FE3A-5195-4318-A71D-F9C2CD8C5E50}
		{6C60F9F3-BF09-4B7A-AD8B-112C82139A4E} = {9562FE3A-5195-4318-A71D-F9C2CD8C5E50}
		{C0F3B522-D654-46B7-8D59-A47F148320F1} = {7990FCC5-62C0-4F83-A339-A8C5BC34CB9D}
		{EE50BDA3-3244-40FB-8828-07E28D868D8C} = {9562FE3A-5195-4318-A71D-F9C2CD8C5E50}
		{9294195E-C54F-419A-BF88-B13C4B833F0F} = {9562FE3A-5195-4318-A71D-F9C2CD8C5E50}
		{3A513D66-EB3E-4E88-AFFE-52BC2D7BEC9A} = {9562FE3A-5195-4318-A71D-F9C2CD8C5E50}
		{775AD76D-D841-407A-A994-D119F663E0A1} = {9562FE3A-5195-4318-A71D-F9C2CD8C5E50}
		{E76E86D9-2946-4180-91E6-E1CF095DF312} = {9562FE3A-5195-4318-A71D-F9C2CD8C5E50}
		{0692DF25-8778-4D80-A222-27F852339A1D} = {9562FE3A-5195-4318-A71D-F9C2CD8C5E50}
	EndGlobalSection
EndGlobal
